
Microsoft Visual Studio Solution File, Format Version 12.00
# Visual Studio Version 16
VisualStudioVersion = 16.0.28606.126
MinimumVisualStudioVersion = 10.0.40219.1
Project("{FAE04EC0-301F-11D3-BF4B-00C04F79EFBC}") = "Start Menu Protector", "Start Menu Protector\Start Menu Protector.csproj", "{B1119568-5108-4F62-9917-DF733E05CB85}"
EndProject
Project("{FAE04EC0-301F-11D3-BF4B-00C04F79EFBC}") = "Start Menu Protector Test", "Start Menu Protector Test\Start Menu Protector Test.csproj", "{F77AE142-4BD1-469E-B380-B118950EDA5E}"
EndProject
Global
	GlobalSection(SolutionConfigurationPlatforms) = preSolution
		ReleaseProd|Any CPU = ReleaseProd|Any CPU
		DebugProd|Any CPU = DebugProd|Any CPU
		DebugDev|Any CPU = DebugDev|Any CPU
		ReleaseDev|Any CPU = ReleaseDev|Any CPU
	EndGlobalSection
	GlobalSection(ProjectConfigurationPlatforms) = postSolution
		{B1119568-5108-4F62-9917-DF733E05CB85}.ReleaseProd|Any CPU.ActiveCfg = ReleaseProd|Any CPU
		{B1119568-5108-4F62-9917-DF733E05CB85}.ReleaseProd|Any CPU.Build.0 = ReleaseProd|Any CPU
		{B1119568-5108-4F62-9917-DF733E05CB85}.DebugProd|Any CPU.ActiveCfg = DebugProd|Any CPU
		{B1119568-5108-4F62-9917-DF733E05CB85}.DebugProd|Any CPU.Build.0 = DebugProd|Any CPU
		{B1119568-5108-4F62-9917-DF733E05CB85}.DebugDev|Any CPU.ActiveCfg = DebugDev|Any CPU
		{B1119568-5108-4F62-9917-DF733E05CB85}.DebugDev|Any CPU.Build.0 = DebugDev|Any CPU
		{B1119568-5108-4F62-9917-DF733E05CB85}.ReleaseDev|Any CPU.ActiveCfg = ReleaseDev|Any CPU
		{B1119568-5108-4F62-9917-DF733E05CB85}.ReleaseDev|Any CPU.Build.0 = ReleaseDev|Any CPU
		{F77AE142-4BD1-469E-B380-B118950EDA5E}.ReleaseProd|Any CPU.ActiveCfg = ReleaseProd|Any CPU
		{F77AE142-4BD1-469E-B380-B118950EDA5E}.ReleaseProd|Any CPU.Build.0 = ReleaseProd|Any CPU
		{F77AE142-4BD1-469E-B380-B118950EDA5E}.DebugProd|Any CPU.ActiveCfg = DebugProd|Any CPU
		{F77AE142-4BD1-469E-B380-B118950EDA5E}.DebugProd|Any CPU.Build.0 = DebugProd|Any CPU
		{F77AE142-4BD1-469E-B380-B118950EDA5E}.DebugDev|Any CPU.ActiveCfg = DebugDev|Any CPU
		{F77AE142-4BD1-469E-B380-B118950EDA5E}.DebugDev|Any CPU.Build.0 = DebugDev|Any CPU
		{F77AE142-4BD1-469E-B380-B118950EDA5E}.ReleaseDev|Any CPU.ActiveCfg = ReleaseDev|Any CPU
		{F77AE142-4BD1-469E-B380-B118950EDA5E}.ReleaseDev|Any CPU.Build.0 = ReleaseDev|Any CPU
	EndGlobalSection
	GlobalSection(SolutionProperties) = preSolution
		HideSolutionNode = FALSE
	EndGlobalSection
	GlobalSection(ExtensibilityGlobals) = postSolution
		SolutionGuid = {65A2920D-AB7A-44E1-9B79-94E5E86A82DA}
	EndGlobalSection
EndGlobal
