
Microsoft Visual Studio Solution File, Format Version 12.00
# Visual Studio Version 16
VisualStudioVersion = 16.0.28606.126
MinimumVisualStudioVersion = 10.0.40219.1
Project("{FAE04EC0-301F-11D3-BF4B-00C04F79EFBC}") = "Start Menu Protector", "Start Menu Protector\Start Menu Protector.csproj", "{B1119568-5108-4F62-9917-DF733E05CB85}"
EndProject
Project("{FAE04EC0-301F-11D3-BF4B-00C04F79EFBC}") = "Start Menu Protector Test", "Start Menu Protector Test\Start Menu Protector Test.csproj", "{F77AE142-4BD1-469E-B380-B118950EDA5E}"
EndProject
Project("{FAE04EC0-301F-11D3-BF4B-00C04F79EFBC}") = "StartMenuProtector", "StartMenuProtector\StartMenuProtector.csproj", "{A75A7617-F42C-4EE0-B0A4-A8CC028BAE81}"
EndProject
Global
	GlobalSection(SolutionConfigurationPlatforms) = preSolution
		Debug|Any CPU = Debug|Any CPU
		Debug|x64 = Debug|x64
		Release|Any CPU = Release|Any CPU
		Release|x64 = Release|x64
	EndGlobalSection
	GlobalSection(ProjectConfigurationPlatforms) = postSolution
		{B1119568-5108-4F62-9917-DF733E05CB85}.Debug|Any CPU.ActiveCfg = Debug|Any CPU
		{B1119568-5108-4F62-9917-DF733E05CB85}.Debug|Any CPU.Build.0 = Debug|Any CPU
		{B1119568-5108-4F62-9917-DF733E05CB85}.Debug|x64.ActiveCfg = Debug|Any CPU
		{B1119568-5108-4F62-9917-DF733E05CB85}.Debug|x64.Build.0 = Debug|Any CPU
		{B1119568-5108-4F62-9917-DF733E05CB85}.Release|Any CPU.ActiveCfg = Release|Any CPU
		{B1119568-5108-4F62-9917-DF733E05CB85}.Release|Any CPU.Build.0 = Release|Any CPU
		{B1119568-5108-4F62-9917-DF733E05CB85}.Release|x64.ActiveCfg = Release|Any CPU
		{B1119568-5108-4F62-9917-DF733E05CB85}.Release|x64.Build.0 = Release|Any CPU
		{F77AE142-4BD1-469E-B380-B118950EDA5E}.Debug|Any CPU.ActiveCfg = Debug|Any CPU
		{F77AE142-4BD1-469E-B380-B118950EDA5E}.Debug|Any CPU.Build.0 = Debug|Any CPU
		{F77AE142-4BD1-469E-B380-B118950EDA5E}.Debug|x64.ActiveCfg = Debug|Any CPU
		{F77AE142-4BD1-469E-B380-B118950EDA5E}.Debug|x64.Build.0 = Debug|Any CPU
		{F77AE142-4BD1-469E-B380-B118950EDA5E}.Release|Any CPU.ActiveCfg = Release|Any CPU
		{F77AE142-4BD1-469E-B380-B118950EDA5E}.Release|Any CPU.Build.0 = Release|Any CPU
		{F77AE142-4BD1-469E-B380-B118950EDA5E}.Release|x64.ActiveCfg = Release|Any CPU
		{F77AE142-4BD1-469E-B380-B118950EDA5E}.Release|x64.Build.0 = Release|Any CPU
		{A75A7617-F42C-4EE0-B0A4-A8CC028BAE81}.Debug|Any CPU.ActiveCfg = Debug|Any CPU
		{A75A7617-F42C-4EE0-B0A4-A8CC028BAE81}.Debug|Any CPU.Build.0 = Debug|Any CPU
		{A75A7617-F42C-4EE0-B0A4-A8CC028BAE81}.Debug|x64.ActiveCfg = Debug|Any CPU
		{A75A7617-F42C-4EE0-B0A4-A8CC028BAE81}.Debug|x64.Build.0 = Debug|Any CPU
		{A75A7617-F42C-4EE0-B0A4-A8CC028BAE81}.Release|Any CPU.ActiveCfg = Release|Any CPU
		{A75A7617-F42C-4EE0-B0A4-A8CC028BAE81}.Release|Any CPU.Build.0 = Release|Any CPU
		{A75A7617-F42C-4EE0-B0A4-A8CC028BAE81}.Release|x64.ActiveCfg = Release|Any CPU
		{A75A7617-F42C-4EE0-B0A4-A8CC028BAE81}.Release|x64.Build.0 = Release|Any CPU
	EndGlobalSection
	GlobalSection(SolutionProperties) = preSolution
		HideSolutionNode = FALSE
	EndGlobalSection
	GlobalSection(ExtensibilityGlobals) = postSolution
		SolutionGuid = {65A2920D-AB7A-44E1-9B79-94E5E86A82DA}
	EndGlobalSection
EndGlobal
